
Microsoft Visual Studio Solution File, Format Version 12.00
# Visual Studio Version 17
VisualStudioVersion = 17.14.36327.8
MinimumVisualStudioVersion = 10.0.40219.1
Project("{FAE04EC0-301F-11D3-BF4B-00C04F79EFBC}") = "Nexus.Orchestrator", "src\apps\Nexus.Orchestrator\Nexus.Orchestrator.csproj", "{23973864-0407-463D-AF23-68210640DA5A}"
EndProject
Project("{E53339B2-1760-4266-BCC7-CA923CBCF16C}") = "docker-compose", "docker-compose.dcproj", "{81DDED9D-158B-E303-5F62-77A2896D2A5A}"
EndProject
Project("{2150E333-8FDC-42A3-9474-1A3956D46DE8}") = "Solution Items", "Solution Items", "{2A3A057F-5D22-31FD-628C-DF5EF75AEF1E}"
	ProjectSection(SolutionItems) = preProject
		.editorconfig = .editorconfig
		AGENTS.md = AGENTS.md
		.github\copilot-instructions.md = .github\copilot-instructions.md
		Directory.build.props = Directory.build.props
		.github\workflows\onpremise-deployment.yml = .github\workflows\onpremise-deployment.yml
	EndProjectSection
EndProject
Project("{FAE04EC0-301F-11D3-BF4B-00C04F79EFBC}") = "Nexus.Core", "src\libs\Nexus.Core\Nexus.Core.csproj", "{2FF71565-47B3-49B5-BBF2-D393B7A8B742}"
EndProject
Project("{FAE04EC0-301F-11D3-BF4B-00C04F79EFBC}") = "Nexus.Infrastructure", "src\libs\Nexus.Infrastructure\Nexus.Infrastructure.csproj", "{3B11782D-64A7-4E5C-83AC-7FE5EE5D7355}"
EndProject
Project("{FAE04EC0-301F-11D3-BF4B-00C04F79EFBC}") = "Nexus.Gateway", "src\apps\Nexus.Gateway\Nexus.Gateway.csproj", "{784DD186-0587-410B-93CA-4E2BEA0E76DD}"
EndProject
Project("{2150E333-8FDC-42A3-9474-1A3956D46DE8}") = "Applications", "Applications", "{C8D5274F-AC00-46C7-1F8D-E88E81087A52}"
EndProject
Project("{2150E333-8FDC-42A3-9474-1A3956D46DE8}") = "Libraries", "Libraries", "{00BDD229-3D17-4B23-8F1F-9F6F1285AF5C}"
EndProject
Project("{FAE04EC0-301F-11D3-BF4B-00C04F79EFBC}") = "Nexus.Portal.Server", "src\apps\Nexus.Portal.Server\Nexus.Portal.Server.csproj", "{B0A41DB4-823C-4D7D-A4B3-2D4C2A22F938}"
EndProject
Project("{FAE04EC0-301F-11D3-BF4B-00C04F79EFBC}") = "Nexus.UnitTest", "tests\Nexus.UnitTest\Nexus.UnitTest.csproj", "{2F4FF675-1B6B-4695-98BA-9750DBD56FFA}"
EndProject
Project("{2150E333-8FDC-42A3-9474-1A3956D46DE8}") = "Tests", "Tests", "{D2E2F4CD-D531-4A18-9A8D-9C6600FB7C28}"
EndProject
Project("{FAE04EC0-301F-11D3-BF4B-00C04F79EFBC}") = "Nexus.Sandbox", "tests\Nexus.Sandbox\Nexus.Sandbox.csproj", "{F22B79C1-ABE3-4425-A5B3-062A9255B33A}"
EndProject
Project("{FAE04EC0-301F-11D3-BF4B-00C04F79EFBC}") = "Nexus.Portal.Client", "src\apps\Nexus.Portal.Client\Nexus.Portal.Client.csproj", "{8142A012-095A-705F-D532-B71A58AB988E}"
EndProject
Project("{FAE04EC0-301F-11D3-BF4B-00C04F79EFBC}") = "Nexus.Portal.Shared", "src\apps\Nexus.Portal.Shared\Nexus.Portal.Shared.csproj", "{BE76B6E3-FC9D-DB74-E821-6E1639E80D99}"
EndProject
Global
	GlobalSection(SolutionConfigurationPlatforms) = preSolution
		Debug|Any CPU = Debug|Any CPU
		Debug|x64 = Debug|x64
		Debug|x86 = Debug|x86
		Release|Any CPU = Release|Any CPU
		Release|x64 = Release|x64
		Release|x86 = Release|x86
	EndGlobalSection
	GlobalSection(ProjectConfigurationPlatforms) = postSolution
		{23973864-0407-463D-AF23-68210640DA5A}.Debug|Any CPU.ActiveCfg = Debug|Any CPU
		{23973864-0407-463D-AF23-68210640DA5A}.Debug|Any CPU.Build.0 = Debug|Any CPU
		{23973864-0407-463D-AF23-68210640DA5A}.Debug|x64.ActiveCfg = Debug|Any CPU
		{23973864-0407-463D-AF23-68210640DA5A}.Debug|x64.Build.0 = Debug|Any CPU
		{23973864-0407-463D-AF23-68210640DA5A}.Debug|x86.ActiveCfg = Debug|Any CPU
		{23973864-0407-463D-AF23-68210640DA5A}.Debug|x86.Build.0 = Debug|Any CPU
		{23973864-0407-463D-AF23-68210640DA5A}.Release|Any CPU.ActiveCfg = Release|Any CPU
		{23973864-0407-463D-AF23-68210640DA5A}.Release|Any CPU.Build.0 = Release|Any CPU
		{23973864-0407-463D-AF23-68210640DA5A}.Release|x64.ActiveCfg = Release|Any CPU
		{23973864-0407-463D-AF23-68210640DA5A}.Release|x64.Build.0 = Release|Any CPU
		{23973864-0407-463D-AF23-68210640DA5A}.Release|x86.ActiveCfg = Release|Any CPU
		{23973864-0407-463D-AF23-68210640DA5A}.Release|x86.Build.0 = Release|Any CPU
		{81DDED9D-158B-E303-5F62-77A2896D2A5A}.Debug|Any CPU.ActiveCfg = Debug|Any CPU
		{81DDED9D-158B-E303-5F62-77A2896D2A5A}.Debug|Any CPU.Build.0 = Debug|Any CPU
		{81DDED9D-158B-E303-5F62-77A2896D2A5A}.Debug|x64.ActiveCfg = Debug|x64
		{81DDED9D-158B-E303-5F62-77A2896D2A5A}.Debug|x86.ActiveCfg = Debug|x86
		{81DDED9D-158B-E303-5F62-77A2896D2A5A}.Release|Any CPU.ActiveCfg = Release|Any CPU
		{81DDED9D-158B-E303-5F62-77A2896D2A5A}.Release|Any CPU.Build.0 = Release|Any CPU
		{81DDED9D-158B-E303-5F62-77A2896D2A5A}.Release|x64.ActiveCfg = Release|x64
		{81DDED9D-158B-E303-5F62-77A2896D2A5A}.Release|x86.ActiveCfg = Release|x86
		{2FF71565-47B3-49B5-BBF2-D393B7A8B742}.Debug|Any CPU.ActiveCfg = Debug|Any CPU
		{2FF71565-47B3-49B5-BBF2-D393B7A8B742}.Debug|Any CPU.Build.0 = Debug|Any CPU
		{2FF71565-47B3-49B5-BBF2-D393B7A8B742}.Debug|x64.ActiveCfg = Debug|Any CPU
		{2FF71565-47B3-49B5-BBF2-D393B7A8B742}.Debug|x64.Build.0 = Debug|Any CPU
		{2FF71565-47B3-49B5-BBF2-D393B7A8B742}.Debug|x86.ActiveCfg = Debug|Any CPU
		{2FF71565-47B3-49B5-BBF2-D393B7A8B742}.Debug|x86.Build.0 = Debug|Any CPU
		{2FF71565-47B3-49B5-BBF2-D393B7A8B742}.Release|Any CPU.ActiveCfg = Release|Any CPU
		{2FF71565-47B3-49B5-BBF2-D393B7A8B742}.Release|Any CPU.Build.0 = Release|Any CPU
		{2FF71565-47B3-49B5-BBF2-D393B7A8B742}.Release|x64.ActiveCfg = Release|Any CPU
		{2FF71565-47B3-49B5-BBF2-D393B7A8B742}.Release|x64.Build.0 = Release|Any CPU
		{2FF71565-47B3-49B5-BBF2-D393B7A8B742}.Release|x86.ActiveCfg = Release|Any CPU
		{2FF71565-47B3-49B5-BBF2-D393B7A8B742}.Release|x86.Build.0 = Release|Any CPU
		{3B11782D-64A7-4E5C-83AC-7FE5EE5D7355}.Debug|Any CPU.ActiveCfg = Debug|Any CPU
		{3B11782D-64A7-4E5C-83AC-7FE5EE5D7355}.Debug|Any CPU.Build.0 = Debug|Any CPU
		{3B11782D-64A7-4E5C-83AC-7FE5EE5D7355}.Debug|x64.ActiveCfg = Debug|Any CPU
		{3B11782D-64A7-4E5C-83AC-7FE5EE5D7355}.Debug|x64.Build.0 = Debug|Any CPU
		{3B11782D-64A7-4E5C-83AC-7FE5EE5D7355}.Debug|x86.ActiveCfg = Debug|Any CPU
		{3B11782D-64A7-4E5C-83AC-7FE5EE5D7355}.Debug|x86.Build.0 = Debug|Any CPU
		{3B11782D-64A7-4E5C-83AC-7FE5EE5D7355}.Release|Any CPU.ActiveCfg = Release|Any CPU
		{3B11782D-64A7-4E5C-83AC-7FE5EE5D7355}.Release|Any CPU.Build.0 = Release|Any CPU
		{3B11782D-64A7-4E5C-83AC-7FE5EE5D7355}.Release|x64.ActiveCfg = Release|Any CPU
		{3B11782D-64A7-4E5C-83AC-7FE5EE5D7355}.Release|x64.Build.0 = Release|Any CPU
		{3B11782D-64A7-4E5C-83AC-7FE5EE5D7355}.Release|x86.ActiveCfg = Release|Any CPU
		{3B11782D-64A7-4E5C-83AC-7FE5EE5D7355}.Release|x86.Build.0 = Release|Any CPU
		{784DD186-0587-410B-93CA-4E2BEA0E76DD}.Debug|Any CPU.ActiveCfg = Debug|Any CPU
		{784DD186-0587-410B-93CA-4E2BEA0E76DD}.Debug|Any CPU.Build.0 = Debug|Any CPU
		{784DD186-0587-410B-93CA-4E2BEA0E76DD}.Debug|x64.ActiveCfg = Debug|Any CPU
		{784DD186-0587-410B-93CA-4E2BEA0E76DD}.Debug|x64.Build.0 = Debug|Any CPU
		{784DD186-0587-410B-93CA-4E2BEA0E76DD}.Debug|x86.ActiveCfg = Debug|Any CPU
		{784DD186-0587-410B-93CA-4E2BEA0E76DD}.Debug|x86.Build.0 = Debug|Any CPU
		{784DD186-0587-410B-93CA-4E2BEA0E76DD}.Release|Any CPU.ActiveCfg = Release|Any CPU
		{784DD186-0587-410B-93CA-4E2BEA0E76DD}.Release|Any CPU.Build.0 = Release|Any CPU
		{784DD186-0587-410B-93CA-4E2BEA0E76DD}.Release|x64.ActiveCfg = Release|Any CPU
		{784DD186-0587-410B-93CA-4E2BEA0E76DD}.Release|x64.Build.0 = Release|Any CPU
		{784DD186-0587-410B-93CA-4E2BEA0E76DD}.Release|x86.ActiveCfg = Release|Any CPU
		{784DD186-0587-410B-93CA-4E2BEA0E76DD}.Release|x86.Build.0 = Release|Any CPU
		{B0A41DB4-823C-4D7D-A4B3-2D4C2A22F938}.Debug|Any CPU.ActiveCfg = Debug|Any CPU
		{B0A41DB4-823C-4D7D-A4B3-2D4C2A22F938}.Debug|Any CPU.Build.0 = Debug|Any CPU
		{B0A41DB4-823C-4D7D-A4B3-2D4C2A22F938}.Debug|x64.ActiveCfg = Debug|Any CPU
		{B0A41DB4-823C-4D7D-A4B3-2D4C2A22F938}.Debug|x64.Build.0 = Debug|Any CPU
		{B0A41DB4-823C-4D7D-A4B3-2D4C2A22F938}.Debug|x86.ActiveCfg = Debug|Any CPU
		{B0A41DB4-823C-4D7D-A4B3-2D4C2A22F938}.Debug|x86.Build.0 = Debug|Any CPU
		{B0A41DB4-823C-4D7D-A4B3-2D4C2A22F938}.Release|Any CPU.ActiveCfg = Release|Any CPU
		{B0A41DB4-823C-4D7D-A4B3-2D4C2A22F938}.Release|Any CPU.Build.0 = Release|Any CPU
		{B0A41DB4-823C-4D7D-A4B3-2D4C2A22F938}.Release|x64.ActiveCfg = Release|Any CPU
		{B0A41DB4-823C-4D7D-A4B3-2D4C2A22F938}.Release|x64.Build.0 = Release|Any CPU
		{B0A41DB4-823C-4D7D-A4B3-2D4C2A22F938}.Release|x86.ActiveCfg = Release|Any CPU
		{B0A41DB4-823C-4D7D-A4B3-2D4C2A22F938}.Release|x86.Build.0 = Release|Any CPU
		{2F4FF675-1B6B-4695-98BA-9750DBD56FFA}.Debug|Any CPU.ActiveCfg = Debug|Any CPU
		{2F4FF675-1B6B-4695-98BA-9750DBD56FFA}.Debug|Any CPU.Build.0 = Debug|Any CPU
		{2F4FF675-1B6B-4695-98BA-9750DBD56FFA}.Debug|x64.ActiveCfg = Debug|Any CPU
		{2F4FF675-1B6B-4695-98BA-9750DBD56FFA}.Debug|x64.Build.0 = Debug|Any CPU
		{2F4FF675-1B6B-4695-98BA-9750DBD56FFA}.Debug|x86.ActiveCfg = Debug|Any CPU
		{2F4FF675-1B6B-4695-98BA-9750DBD56FFA}.Debug|x86.Build.0 = Debug|Any CPU
		{2F4FF675-1B6B-4695-98BA-9750DBD56FFA}.Release|Any CPU.ActiveCfg = Release|Any CPU
		{2F4FF675-1B6B-4695-98BA-9750DBD56FFA}.Release|Any CPU.Build.0 = Release|Any CPU
		{2F4FF675-1B6B-4695-98BA-9750DBD56FFA}.Release|x64.ActiveCfg = Release|Any CPU
		{2F4FF675-1B6B-4695-98BA-9750DBD56FFA}.Release|x64.Build.0 = Release|Any CPU
		{2F4FF675-1B6B-4695-98BA-9750DBD56FFA}.Release|x86.ActiveCfg = Release|Any CPU
		{2F4FF675-1B6B-4695-98BA-9750DBD56FFA}.Release|x86.Build.0 = Release|Any CPU
		{F22B79C1-ABE3-4425-A5B3-062A9255B33A}.Debug|Any CPU.ActiveCfg = Debug|Any CPU
		{F22B79C1-ABE3-4425-A5B3-062A9255B33A}.Debug|Any CPU.Build.0 = Debug|Any CPU
		{F22B79C1-ABE3-4425-A5B3-062A9255B33A}.Debug|x64.ActiveCfg = Debug|Any CPU
		{F22B79C1-ABE3-4425-A5B3-062A9255B33A}.Debug|x64.Build.0 = Debug|Any CPU
		{F22B79C1-ABE3-4425-A5B3-062A9255B33A}.Debug|x86.ActiveCfg = Debug|Any CPU
		{F22B79C1-ABE3-4425-A5B3-062A9255B33A}.Debug|x86.Build.0 = Debug|Any CPU
		{F22B79C1-ABE3-4425-A5B3-062A9255B33A}.Release|Any CPU.ActiveCfg = Release|Any CPU
		{F22B79C1-ABE3-4425-A5B3-062A9255B33A}.Release|Any CPU.Build.0 = Release|Any CPU
		{F22B79C1-ABE3-4425-A5B3-062A9255B33A}.Release|x64.ActiveCfg = Release|Any CPU
		{F22B79C1-ABE3-4425-A5B3-062A9255B33A}.Release|x64.Build.0 = Release|Any CPU
		{F22B79C1-ABE3-4425-A5B3-062A9255B33A}.Release|x86.ActiveCfg = Release|Any CPU
		{F22B79C1-ABE3-4425-A5B3-062A9255B33A}.Release|x86.Build.0 = Release|Any CPU
		{8142A012-095A-705F-D532-B71A58AB988E}.Debug|Any CPU.ActiveCfg = Debug|Any CPU
		{8142A012-095A-705F-D532-B71A58AB988E}.Debug|Any CPU.Build.0 = Debug|Any CPU
		{8142A012-095A-705F-D532-B71A58AB988E}.Debug|x64.ActiveCfg = Debug|Any CPU
		{8142A012-095A-705F-D532-B71A58AB988E}.Debug|x64.Build.0 = Debug|Any CPU
		{8142A012-095A-705F-D532-B71A58AB988E}.Debug|x86.ActiveCfg = Debug|Any CPU
		{8142A012-095A-705F-D532-B71A58AB988E}.Debug|x86.Build.0 = Debug|Any CPU
		{8142A012-095A-705F-D532-B71A58AB988E}.Release|Any CPU.ActiveCfg = Release|Any CPU
		{8142A012-095A-705F-D532-B71A58AB988E}.Release|Any CPU.Build.0 = Release|Any CPU
		{8142A012-095A-705F-D532-B71A58AB988E}.Release|x64.ActiveCfg = Release|Any CPU
		{8142A012-095A-705F-D532-B71A58AB988E}.Release|x64.Build.0 = Release|Any CPU
		{8142A012-095A-705F-D532-B71A58AB988E}.Release|x86.ActiveCfg = Release|Any CPU
		{8142A012-095A-705F-D532-B71A58AB988E}.Release|x86.Build.0 = Release|Any CPU
		{BE76B6E3-FC9D-DB74-E821-6E1639E80D99}.Debug|Any CPU.ActiveCfg = Debug|Any CPU
		{BE76B6E3-FC9D-DB74-E821-6E1639E80D99}.Debug|Any CPU.Build.0 = Debug|Any CPU
		{BE76B6E3-FC9D-DB74-E821-6E1639E80D99}.Debug|x64.ActiveCfg = Debug|Any CPU
		{BE76B6E3-FC9D-DB74-E821-6E1639E80D99}.Debug|x64.Build.0 = Debug|Any CPU
		{BE76B6E3-FC9D-DB74-E821-6E1639E80D99}.Debug|x86.ActiveCfg = Debug|Any CPU
		{BE76B6E3-FC9D-DB74-E821-6E1639E80D99}.Debug|x86.Build.0 = Debug|Any CPU
		{BE76B6E3-FC9D-DB74-E821-6E1639E80D99}.Release|Any CPU.ActiveCfg = Release|Any CPU
		{BE76B6E3-FC9D-DB74-E821-6E1639E80D99}.Release|Any CPU.Build.0 = Release|Any CPU
		{BE76B6E3-FC9D-DB74-E821-6E1639E80D99}.Release|x64.ActiveCfg = Release|Any CPU
		{BE76B6E3-FC9D-DB74-E821-6E1639E80D99}.Release|x64.Build.0 = Release|Any CPU
		{BE76B6E3-FC9D-DB74-E821-6E1639E80D99}.Release|x86.ActiveCfg = Release|Any CPU
		{BE76B6E3-FC9D-DB74-E821-6E1639E80D99}.Release|x86.Build.0 = Release|Any CPU
	EndGlobalSection
	GlobalSection(SolutionProperties) = preSolution
		HideSolutionNode = FALSE
	EndGlobalSection
	GlobalSection(NestedProjects) = preSolution
		{23973864-0407-463D-AF23-68210640DA5A} = {C8D5274F-AC00-46C7-1F8D-E88E81087A52}
		{2FF71565-47B3-49B5-BBF2-D393B7A8B742} = {00BDD229-3D17-4B23-8F1F-9F6F1285AF5C}
		{3B11782D-64A7-4E5C-83AC-7FE5EE5D7355} = {00BDD229-3D17-4B23-8F1F-9F6F1285AF5C}
		{784DD186-0587-410B-93CA-4E2BEA0E76DD} = {C8D5274F-AC00-46C7-1F8D-E88E81087A52}
		{B0A41DB4-823C-4D7D-A4B3-2D4C2A22F938} = {C8D5274F-AC00-46C7-1F8D-E88E81087A52}
		{2F4FF675-1B6B-4695-98BA-9750DBD56FFA} = {D2E2F4CD-D531-4A18-9A8D-9C6600FB7C28}
		{F22B79C1-ABE3-4425-A5B3-062A9255B33A} = {D2E2F4CD-D531-4A18-9A8D-9C6600FB7C28}
		{8142A012-095A-705F-D532-B71A58AB988E} = {C8D5274F-AC00-46C7-1F8D-E88E81087A52}
		{BE76B6E3-FC9D-DB74-E821-6E1639E80D99} = {C8D5274F-AC00-46C7-1F8D-E88E81087A52}
	EndGlobalSection
	GlobalSection(ExtensibilityGlobals) = postSolution
		SolutionGuid = {F6B2E749-593D-4DD2-8B10-4DBB0F117B3E}
	EndGlobalSection
EndGlobal
