Microsoft Visual Studio Solution File, Format Version 12.00
# Visual Studio Version 17
VisualStudioVersion = 17.5.2.0
MinimumVisualStudioVersion = 10.0.40219.1
Project("{FAE04EC0-301F-11D3-BF4B-00C04F79EFBC}") = "Nexus.Portal", "Nexus.Portal.csproj", "{AC2A03FC-4282-FA49-2ECD-2227919F0FB7}"
EndProject
Global
	GlobalSection(SolutionConfigurationPlatforms) = preSolution
		Debug|Any CPU = Debug|Any CPU
		Release|Any CPU = Release|Any CPU
	EndGlobalSection
	GlobalSection(ProjectConfigurationPlatforms) = postSolution
		{AC2A03FC-4282-FA49-2ECD-2227919F0FB7}.Debug|Any CPU.ActiveCfg = Debug|Any CPU
		{AC2A03FC-4282-FA49-2ECD-2227919F0FB7}.Debug|Any CPU.Build.0 = Debug|Any CPU
		{AC2A03FC-4282-FA49-2ECD-2227919F0FB7}.Release|Any CPU.ActiveCfg = Release|Any CPU
		{AC2A03FC-4282-FA49-2ECD-2227919F0FB7}.Release|Any CPU.Build.0 = Release|Any CPU
	EndGlobalSection
	GlobalSection(SolutionProperties) = preSolution
		HideSolutionNode = FALSE
	EndGlobalSection
	GlobalSection(ExtensibilityGlobals) = postSolution
		SolutionGuid = {2585F4C2-E5ED-4474-92C0-C4A0B0BBA2B9}
	EndGlobalSection
EndGlobal
